speakeasyVersion: 1.418.1
sources:
    Client -OAS:
        sourceNamespace: client--oas
        sourceRevisionDigest: sha256:8b8a4f7e9e6f7da7e0fea06f8332016bb87c128ea9001f6509fb05c65aa08045
        sourceBlobDigest: sha256:b877346419523bbb03423307c666bac7db61f37e999237b81338fdb8853d33c4
        tags:
            - latest
targets:
    client:
        source: Client -OAS
        sourceNamespace: client--oas
        sourceRevisionDigest: sha256:8b8a4f7e9e6f7da7e0fea06f8332016bb87c128ea9001f6509fb05c65aa08045
        sourceBlobDigest: sha256:b877346419523bbb03423307c666bac7db61f37e999237b81338fdb8853d33c4
workflow:
    workflowVersion: 1.0.0
    speakeasyVersion: latest
    sources:
        Client -OAS:
            inputs:
                - location: ..\..\..\app\libs\restApi\openapi.yaml
            registry:
                location: registry.speakeasyapi.dev/intermedia/gsmservice-pl/client--oas
    targets:
        client:
            target: csharp
            source: Client -OAS
            publish:
                nuget:
                    apiKey: $nuget_api_key
